
Microsoft Visual Studio Solution File, Format Version 12.00
# Visual Studio Version 17
VisualStudioVersion = 17.1.32421.90
MinimumVisualStudioVersion = 10.0.40219.1
Project("{FAE04EC0-301F-11D3-BF4B-00C04F79EFBC}") = "SQL_M4_L1-L4", "SQL_M4_L1-L4.csproj", "{8E417C75-6E70-4056-99A3-8801B1AA048A}"
EndProject
Global
	GlobalSection(SolutionConfigurationPlatforms) = preSolution
		Debug|Any CPU = Debug|Any CPU
		Release|Any CPU = Release|Any CPU
	EndGlobalSection
	GlobalSection(ProjectConfigurationPlatforms) = postSolution
		{8E417C75-6E70-4056-99A3-8801B1AA048A}.Debug|Any CPU.ActiveCfg = Debug|Any CPU
		{8E417C75-6E70-4056-99A3-8801B1AA048A}.Debug|Any CPU.Build.0 = Debug|Any CPU
		{8E417C75-6E70-4056-99A3-8801B1AA048A}.Release|Any CPU.ActiveCfg = Release|Any CPU
		{8E417C75-6E70-4056-99A3-8801B1AA048A}.Release|Any CPU.Build.0 = Release|Any CPU
	EndGlobalSection
	GlobalSection(SolutionProperties) = preSolution
		HideSolutionNode = FALSE
	EndGlobalSection
	GlobalSection(ExtensibilityGlobals) = postSolution
		SolutionGuid = {DABFB6BE-7E99-4667-A1F9-C48E4678D888}
	EndGlobalSection
EndGlobal
